# This file was autogenerated by Stack.
# You should not edit this file by hand.
# For more information, please see the documentation at:
#   https://docs.haskellstack.org/en/stable/lock_files

packages: []
snapshots:
- completed:
    size: 523440
    url: https://raw.githubusercontent.com/commercialhaskell/stackage-snapshots/master/nightly/2019/8/2.yaml
    sha256: dd79d516c50adab3a48cffd9cf08c04237c395a7abd7b832c46a588c628f5df4
  original: nightly-2019-08-02
